// !$*UTF8*$!
{
	archiveVersion = 1;
	classes = {
	};
	objectVersion = 56;
	objects = {

/* Begin PBXBuildFile section */
		138484692901E5F0001175E7 /* forest_cloneApp.swift in Sources */ = {isa = PBXBuildFile; fileRef = 138484682901E5F0001175E7 /* forest_cloneApp.swift */; };
		1384846B2901E5F0001175E7 /* ContentView.swift in Sources */ = {isa = PBXBuildFile; fileRef = 1384846A2901E5F0001175E7 /* ContentView.swift */; };
		1384846D2901E5F1001175E7 /* Assets.xcassets in Resources */ = {isa = PBXBuildFile; fileRef = 1384846C2901E5F1001175E7 /* Assets.xcassets */; };
		138484702901E5F1001175E7 /* Preview Assets.xcassets in Resources */ = {isa = PBXBuildFile; fileRef = 1384846F2901E5F1001175E7 /* Preview Assets.xcassets */; };
		1384847A2901E5F1001175E7 /* forest_cloneTests.swift in Sources */ = {isa = PBXBuildFile; fileRef = 138484792901E5F1001175E7 /* forest_cloneTests.swift */; };
		138484842901E5F1001175E7 /* forest_cloneUITests.swift in Sources */ = {isa = PBXBuildFile; fileRef = 138484832901E5F1001175E7 /* forest_cloneUITests.swift */; };
		138484862901E5F1001175E7 /* forest_cloneUITestsLaunchTests.swift in Sources */ = {isa = PBXBuildFile; fileRef = 138484852901E5F1001175E7 /* forest_cloneUITestsLaunchTests.swift */; };
		138484942901EDBD001175E7 /* ButtonPlant.swift in Sources */ = {isa = PBXBuildFile; fileRef = 138484932901EDBD001175E7 /* ButtonPlant.swift */; };
		138484962901F2E6001175E7 /* Timer.swift in Sources */ = {isa = PBXBuildFile; fileRef = 138484952901F2E6001175E7 /* Timer.swift */; };
		138484982901F5A1001175E7 /* Tag.swift in Sources */ = {isa = PBXBuildFile; fileRef = 138484972901F5A1001175E7 /* Tag.swift */; };
/* End PBXBuildFile section */

/* Begin PBXContainerItemProxy section */
		138484762901E5F1001175E7 /* PBXContainerItemProxy */ = {
			isa = PBXContainerItemProxy;
			containerPortal = 1384845D2901E5F0001175E7 /* Project object */;
			proxyType = 1;
			remoteGlobalIDString = 138484642901E5F0001175E7;
			remoteInfo = "forest-clone";
		};
		138484802901E5F1001175E7 /* PBXContainerItemProxy */ = {
			isa = PBXContainerItemProxy;
			containerPortal = 1384845D2901E5F0001175E7 /* Project object */;
			proxyType = 1;
			remoteGlobalIDString = 138484642901E5F0001175E7;
			remoteInfo = "forest-clone";
		};
/* End PBXContainerItemProxy section */

/* Begin PBXFileReference section */
		138484652901E5F0001175E7 /* forest-clone.app */ = {isa = PBXFileReference; explicitFileType = wrapper.application; includeInIndex = 0; path = "forest-clone.app"; sourceTree = BUILT_PRODUCTS_DIR; };
		138484682901E5F0001175E7 /* forest_cloneApp.swift */ = {isa = PBXFileReference; lastKnownFileType = sourcecode.swift; path = forest_cloneApp.swift; sourceTree = "<group>"; };
		1384846A2901E5F0001175E7 /* ContentView.swift */ = {isa = PBXFileReference; lastKnownFileType = sourcecode.swift; path = ContentView.swift; sourceTree = "<group>"; };
		1384846C2901E5F1001175E7 /* Assets.xcassets */ = {isa = PBXFileReference; lastKnownFileType = folder.assetcatalog; path = Assets.xcassets; sourceTree = "<group>"; };
		1384846F2901E5F1001175E7 /* Preview Assets.xcassets */ = {isa = PBXFileReference; lastKnownFileType = folder.assetcatalog; path = "Preview Assets.xcassets"; sourceTree = "<group>"; };
		138484752901E5F1001175E7 /* forest-cloneTests.xctest */ = {isa = PBXFileReference; explicitFileType = wrapper.cfbundle; includeInIndex = 0; path = "forest-cloneTests.xctest"; sourceTree = BUILT_PRODUCTS_DIR; };
		138484792901E5F1001175E7 /* forest_cloneTests.swift */ = {isa = PBXFileReference; lastKnownFileType = sourcecode.swift; path = forest_cloneTests.swift; sourceTree = "<group>"; };
		1384847F2901E5F1001175E7 /* forest-cloneUITests.xctest */ = {isa = PBXFileReference; explicitFileType = wrapper.cfbundle; includeInIndex = 0; path = "forest-cloneUITests.xctest"; sourceTree = BUILT_PRODUCTS_DIR; };
		138484832901E5F1001175E7 /* forest_cloneUITests.swift */ = {isa = PBXFileReference; lastKnownFileType = sourcecode.swift; path = forest_cloneUITests.swift; sourceTree = "<group>"; };
		138484852901E5F1001175E7 /* forest_cloneUITestsLaunchTests.swift */ = {isa = PBXFileReference; lastKnownFileType = sourcecode.swift; path = forest_cloneUITestsLaunchTests.swift; sourceTree = "<group>"; };
		138484932901EDBD001175E7 /* ButtonPlant.swift */ = {isa = PBXFileReference; lastKnownFileType = sourcecode.swift; path = ButtonPlant.swift; sourceTree = "<group>"; };
		138484952901F2E6001175E7 /* Timer.swift */ = {isa = PBXFileReference; lastKnownFileType = sourcecode.swift; path = Timer.swift; sourceTree = "<group>"; };
		138484972901F5A1001175E7 /* Tag.swift */ = {isa = PBXFileReference; lastKnownFileType = sourcecode.swift; path = Tag.swift; sourceTree = "<group>"; };
/* End PBXFileReference section */

/* Begin PBXFrameworksBuildPhase section */
		138484622901E5F0001175E7 /* Frameworks */ = {
			isa = PBXFrameworksBuildPhase;
			buildActionMask = 2147483647;
			files = (
			);
			runOnlyForDeploymentPostprocessing = 0;
		};
		138484722901E5F1001175E7 /* Frameworks */ = {
			isa = PBXFrameworksBuildPhase;
			buildActionMask = 2147483647;
			files = (
			);
			runOnlyForDeploymentPostprocessing = 0;
		};
		1384847C2901E5F1001175E7 /* Frameworks */ = {
			isa = PBXFrameworksBuildPhase;
			buildActionMask = 2147483647;
			files = (
			);
			runOnlyForDeploymentPostprocessing = 0;
		};
/* End PBXFrameworksBuildPhase section */

/* Begin PBXGroup section */
		1384845C2901E5F0001175E7 = {
			isa = PBXGroup;
			children = (
				138484672901E5F0001175E7 /* forest-clone */,
				138484782901E5F1001175E7 /* forest-cloneTests */,
				138484822901E5F1001175E7 /* forest-cloneUITests */,
				138484662901E5F0001175E7 /* Products */,
			);
			sourceTree = "<group>";
		};
		138484662901E5F0001175E7 /* Products */ = {
			isa = PBXGroup;
			children = (
				138484652901E5F0001175E7 /* forest-clone.app */,
				138484752901E5F1001175E7 /* forest-cloneTests.xctest */,
				1384847F2901E5F1001175E7 /* forest-cloneUITests.xctest */,
			);
			name = Products;
			sourceTree = "<group>";
		};
		138484672901E5F0001175E7 /* forest-clone */ = {
			isa = PBXGroup;
			children = (
				138484922901ED8E001175E7 /* components */,
				138484682901E5F0001175E7 /* forest_cloneApp.swift */,
				1384846A2901E5F0001175E7 /* ContentView.swift */,
				1384846C2901E5F1001175E7 /* Assets.xcassets */,
				1384846E2901E5F1001175E7 /* Preview Content */,
			);
			path = "forest-clone";
			sourceTree = "<group>";
		};
		1384846E2901E5F1001175E7 /* Preview Content */ = {
			isa = PBXGroup;
			children = (
				1384846F2901E5F1001175E7 /* Preview Assets.xcassets */,
			);
			path = "Preview Content";
			sourceTree = "<group>";
		};
		138484782901E5F1001175E7 /* forest-cloneTests */ = {
			isa = PBXGroup;
			children = (
				138484792901E5F1001175E7 /* forest_cloneTests.swift */,
			);
			path = "forest-cloneTests";
			sourceTree = "<group>";
		};
		138484822901E5F1001175E7 /* forest-cloneUITests */ = {
			isa = PBXGroup;
			children = (
				138484832901E5F1001175E7 /* forest_cloneUITests.swift */,
				138484852901E5F1001175E7 /* forest_cloneUITestsLaunchTests.swift */,
			);
			path = "forest-cloneUITests";
			sourceTree = "<group>";
		};
		138484922901ED8E001175E7 /* components */ = {
			isa = PBXGroup;
			children = (
				138484932901EDBD001175E7 /* ButtonPlant.swift */,
				138484952901F2E6001175E7 /* Timer.swift */,
				138484972901F5A1001175E7 /* Tag.swift */,
			);
			path = components;
			sourceTree = "<group>";
		};
/* End PBXGroup section */

/* Begin PBXNativeTarget section */
		138484642901E5F0001175E7 /* forest-clone */ = {
			isa = PBXNativeTarget;
			buildConfigurationList = 138484892901E5F1001175E7 /* Build configuration list for PBXNativeTarget "forest-clone" */;
			buildPhases = (
				138484612901E5F0001175E7 /* Sources */,
				138484622901E5F0001175E7 /* Frameworks */,
				138484632901E5F0001175E7 /* Resources */,
			);
			buildRules = (
			);
			dependencies = (
			);
			name = "forest-clone";
			productName = "forest-clone";
			productReference = 138484652901E5F0001175E7 /* forest-clone.app */;
			productType = "com.apple.product-type.application";
		};
		138484742901E5F1001175E7 /* forest-cloneTests */ = {
			isa = PBXNativeTarget;
			buildConfigurationList = 1384848C2901E5F1001175E7 /* Build configuration list for PBXNativeTarget "forest-cloneTests" */;
			buildPhases = (
				138484712901E5F1001175E7 /* Sources */,
				138484722901E5F1001175E7 /* Frameworks */,
				138484732901E5F1001175E7 /* Resources */,
			);
			buildRules = (
			);
			dependencies = (
				138484772901E5F1001175E7 /* PBXTargetDependency */,
			);
			name = "forest-cloneTests";
			productName = "forest-cloneTests";
			productReference = 138484752901E5F1001175E7 /* forest-cloneTests.xctest */;
			productType = "com.apple.product-type.bundle.unit-test";
		};
		1384847E2901E5F1001175E7 /* forest-cloneUITests */ = {
			isa = PBXNativeTarget;
			buildConfigurationList = 1384848F2901E5F1001175E7 /* Build configuration list for PBXNativeTarget "forest-cloneUITests" */;
			buildPhases = (
				1384847B2901E5F1001175E7 /* Sources */,
				1384847C2901E5F1001175E7 /* Frameworks */,
				1384847D2901E5F1001175E7 /* Resources */,
			);
			buildRules = (
			);
			dependencies = (
				138484812901E5F1001175E7 /* PBXTargetDependency */,
			);
			name = "forest-cloneUITests";
			productName = "forest-cloneUITests";
			productReference = 1384847F2901E5F1001175E7 /* forest-cloneUITests.xctest */;
			productType = "com.apple.product-type.bundle.ui-testing";
		};
/* End PBXNativeTarget section */

/* Begin PBXProject section */
		1384845D2901E5F0001175E7 /* Project object */ = {
			isa = PBXProject;
			attributes = {
				BuildIndependentTargetsInParallel = 1;
				LastSwiftUpdateCheck = 1400;
				LastUpgradeCheck = 1400;
				TargetAttributes = {
					138484642901E5F0001175E7 = {
						CreatedOnToolsVersion = 14.0;
					};
					138484742901E5F1001175E7 = {
						CreatedOnToolsVersion = 14.0;
						TestTargetID = 138484642901E5F0001175E7;
					};
					1384847E2901E5F1001175E7 = {
						CreatedOnToolsVersion = 14.0;
						TestTargetID = 138484642901E5F0001175E7;
					};
				};
			};
			buildConfigurationList = 138484602901E5F0001175E7 /* Build configuration list for PBXProject "forest-clone" */;
			compatibilityVersion = "Xcode 14.0";
			developmentRegion = en;
			hasScannedForEncodings = 0;
			knownRegions = (
				en,
				Base,
			);
			mainGroup = 1384845C2901E5F0001175E7;
			productRefGroup = 138484662901E5F0001175E7 /* Products */;
			projectDirPath = "";
			projectRoot = "";
			targets = (
				138484642901E5F0001175E7 /* forest-clone */,
				138484742901E5F1001175E7 /* forest-cloneTests */,
				1384847E2901E5F1001175E7 /* forest-cloneUITests */,
			);
		};
/* End PBXProject section */

/* Begin PBXResourcesBuildPhase section */
		138484632901E5F0001175E7 /* Resources */ = {
			isa = PBXResourcesBuildPhase;
			buildActionMask = 2147483647;
			files = (
				138484702901E5F1001175E7 /* Preview Assets.xcassets in Resources */,
				1384846D2901E5F1001175E7 /* Assets.xcassets in Resources */,
			);
			runOnlyForDeploymentPostprocessing = 0;
		};
		138484732901E5F1001175E7 /* Resources */ = {
			isa = PBXResourcesBuildPhase;
			buildActionMask = 2147483647;
			files = (
			);
			runOnlyForDeploymentPostprocessing = 0;
		};
		1384847D2901E5F1001175E7 /* Resources */ = {
			isa = PBXResourcesBuildPhase;
			buildActionMask = 2147483647;
			files = (
			);
			runOnlyForDeploymentPostprocessing = 0;
		};
/* End PBXResourcesBuildPhase section */

/* Begin PBXSourcesBuildPhase section */
		138484612901E5F0001175E7 /* Sources */ = {
			isa = PBXSourcesBuildPhase;
			buildActionMask = 2147483647;
			files = (
				1384846B2901E5F0001175E7 /* ContentView.swift in Sources */,
				138484942901EDBD001175E7 /* ButtonPlant.swift in Sources */,
				138484982901F5A1001175E7 /* Tag.swift in Sources */,
				138484692901E5F0001175E7 /* forest_cloneApp.swift in Sources */,
				138484962901F2E6001175E7 /* Timer.swift in Sources */,
			);
			runOnlyForDeploymentPostprocessing = 0;
		};
		138484712901E5F1001175E7 /* Sources */ = {
			isa = PBXSourcesBuildPhase;
			buildActionMask = 2147483647;
			files = (
				1384847A2901E5F1001175E7 /* forest_cloneTests.swift in Sources */,
			);
			runOnlyForDeploymentPostprocessing = 0;
		};
		1384847B2901E5F1001175E7 /* Sources */ = {
			isa = PBXSourcesBuildPhase;
			buildActionMask = 2147483647;
			files = (
				138484842901E5F1001175E7 /* forest_cloneUITests.swift in Sources */,
				138484862901E5F1001175E7 /* forest_cloneUITestsLaunchTests.swift in Sources */,
			);
			runOnlyForDeploymentPostprocessing = 0;
		};
/* End PBXSourcesBuildPhase section */

/* Begin PBXTargetDependency section */
		138484772901E5F1001175E7 /* PBXTargetDependency */ = {
			isa = PBXTargetDependency;
			target = 138484642901E5F0001175E7 /* forest-clone */;
			targetProxy = 138484762901E5F1001175E7 /* PBXContainerItemProxy */;
		};
		138484812901E5F1001175E7 /* PBXTargetDependency */ = {
			isa = PBXTargetDependency;
			target = 138484642901E5F0001175E7 /* forest-clone */;
			targetProxy = 138484802901E5F1001175E7 /* PBXContainerItemProxy */;
		};
/* End PBXTargetDependency section */

/* Begin XCBuildConfiguration section */
		138484872901E5F1001175E7 /* Debug */ = {
			isa = XCBuildConfiguration;
			buildSettings = {
				ALWAYS_SEARCH_USER_PATHS = NO;
				CLANG_ANALYZER_NONNULL = YES;
				CLANG_ANALYZER_NUMBER_OBJECT_CONVERSION = YES_AGGRESSIVE;
				CLANG_CXX_LANGUAGE_STANDARD = "gnu++20";
				CLANG_ENABLE_MODULES = YES;
				CLANG_ENABLE_OBJC_ARC = YES;
				CLANG_ENABLE_OBJC_WEAK = YES;
				CLANG_WARN_BLOCK_CAPTURE_AUTORELEASING = YES;
				CLANG_WARN_BOOL_CONVERSION = YES;
				CLANG_WARN_COMMA = YES;
				CLANG_WARN_CONSTANT_CONVERSION = YES;
				CLANG_WARN_DEPRECATED_OBJC_IMPLEMENTATIONS = YES;
				CLANG_WARN_DIRECT_OBJC_ISA_USAGE = YES_ERROR;
				CLANG_WARN_DOCUMENTATION_COMMENTS = YES;
				CLANG_WARN_EMPTY_BODY = YES;
				CLANG_WARN_ENUM_CONVERSION = YES;
				CLANG_WARN_INFINITE_RECURSION = YES;
				CLANG_WARN_INT_CONVERSION = YES;
				CLANG_WARN_NON_LITERAL_NULL_CONVERSION = YES;
				CLANG_WARN_OBJC_IMPLICIT_RETAIN_SELF = YES;
				CLANG_WARN_OBJC_LITERAL_CONVERSION = YES;
				CLANG_WARN_OBJC_ROOT_CLASS = YES_ERROR;
				CLANG_WARN_QUOTED_INCLUDE_IN_FRAMEWORK_HEADER = YES;
				CLANG_WARN_RANGE_LOOP_ANALYSIS = YES;
				CLANG_WARN_STRICT_PROTOTYPES = YES;
				CLANG_WARN_SUSPICIOUS_MOVE = YES;
				CLANG_WARN_UNGUARDED_AVAILABILITY = YES_AGGRESSIVE;
				CLANG_WARN_UNREACHABLE_CODE = YES;
				CLANG_WARN__DUPLICATE_METHOD_MATCH = YES;
				COPY_PHASE_STRIP = NO;
				DEBUG_INFORMATION_FORMAT = dwarf;
				ENABLE_STRICT_OBJC_MSGSEND = YES;
				ENABLE_TESTABILITY = YES;
				GCC_C_LANGUAGE_STANDARD = gnu11;
				GCC_DYNAMIC_NO_PIC = NO;
				GCC_NO_COMMON_BLOCKS = YES;
				GCC_OPTIMIZATION_LEVEL = 0;
				GCC_PREPROCESSOR_DEFINITIONS = (
					"DEBUG=1",
					"$(inherited)",
				);
				GCC_WARN_64_TO_32_BIT_CONVERSION = YES;
				GCC_WARN_ABOUT_RETURN_TYPE = YES_ERROR;
				GCC_WARN_UNDECLARED_SELECTOR = YES;
				GCC_WARN_UNINITIALIZED_AUTOS = YES_AGGRESSIVE;
				GCC_WARN_UNUSED_FUNCTION = YES;
				GCC_WARN_UNUSED_VARIABLE = YES;
				IPHONEOS_DEPLOYMENT_TARGET = 16.0;
				MTL_ENABLE_DEBUG_INFO = INCLUDE_SOURCE;
				MTL_FAST_MATH = YES;
				ONLY_ACTIVE_ARCH = YES;
				SDKROOT = iphoneos;
				SWIFT_ACTIVE_COMPILATION_CONDITIONS = DEBUG;
				SWIFT_OPTIMIZATION_LEVEL = "-Onone";
			};
			name = Debug;
		};
		138484882901E5F1001175E7 /* Release */ = {
			isa = XCBuildConfiguration;
			buildSettings = {
				ALWAYS_SEARCH_USER_PATHS = NO;
				CLANG_ANALYZER_NONNULL = YES;
				CLANG_ANALYZER_NUMBER_OBJECT_CONVERSION = YES_AGGRESSIVE;
				CLANG_CXX_LANGUAGE_STANDARD = "gnu++20";
				CLANG_ENABLE_MODULES = YES;
				CLANG_ENABLE_OBJC_ARC = YES;
				CLANG_ENABLE_OBJC_WEAK = YES;
				CLANG_WARN_BLOCK_CAPTURE_AUTORELEASING = YES;
				CLANG_WARN_BOOL_CONVERSION = YES;
				CLANG_WARN_COMMA = YES;
				CLANG_WARN_CONSTANT_CONVERSION = YES;
				CLANG_WARN_DEPRECATED_OBJC_IMPLEMENTATIONS = YES;
				CLANG_WARN_DIRECT_OBJC_ISA_USAGE = YES_ERROR;
				CLANG_WARN_DOCUMENTATION_COMMENTS = YES;
				CLANG_WARN_EMPTY_BODY = YES;
				CLANG_WARN_ENUM_CONVERSION = YES;
				CLANG_WARN_INFINITE_RECURSION = YES;
				CLANG_WARN_INT_CONVERSION = YES;
				CLANG_WARN_NON_LITERAL_NULL_CONVERSION = YES;
				CLANG_WARN_OBJC_IMPLICIT_RETAIN_SELF = YES;
				CLANG_WARN_OBJC_LITERAL_CONVERSION = YES;
				CLANG_WARN_OBJC_ROOT_CLASS = YES_ERROR;
				CLANG_WARN_QUOTED_INCLUDE_IN_FRAMEWORK_HEADER = YES;
				CLANG_WARN_RANGE_LOOP_ANALYSIS = YES;
				CLANG_WARN_STRICT_PROTOTYPES = YES;
				CLANG_WARN_SUSPICIOUS_MOVE = YES;
				CLANG_WARN_UNGUARDED_AVAILABILITY = YES_AGGRESSIVE;
				CLANG_WARN_UNREACHABLE_CODE = YES;
				CLANG_WARN__DUPLICATE_METHOD_MATCH = YES;
				COPY_PHASE_STRIP = NO;
				DEBUG_INFORMATION_FORMAT = "dwarf-with-dsym";
				ENABLE_NS_ASSERTIONS = NO;
				ENABLE_STRICT_OBJC_MSGSEND = YES;
				GCC_C_LANGUAGE_STANDARD = gnu11;
				GCC_NO_COMMON_BLOCKS = YES;
				GCC_WARN_64_TO_32_BIT_CONVERSION = YES;
				GCC_WARN_ABOUT_RETURN_TYPE = YES_ERROR;
				GCC_WARN_UNDECLARED_SELECTOR = YES;
				GCC_WARN_UNINITIALIZED_AUTOS = YES_AGGRESSIVE;
				GCC_WARN_UNUSED_FUNCTION = YES;
				GCC_WARN_UNUSED_VARIABLE = YES;
				IPHONEOS_DEPLOYMENT_TARGET = 16.0;
				MTL_ENABLE_DEBUG_INFO = NO;
				MTL_FAST_MATH = YES;
				SDKROOT = iphoneos;
				SWIFT_COMPILATION_MODE = wholemodule;
				SWIFT_OPTIMIZATION_LEVEL = "-O";
				VALIDATE_PRODUCT = YES;
			};
			name = Release;
		};
		1384848A2901E5F1001175E7 /* Debug */ = {
			isa = XCBuildConfiguration;
			buildSettings = {
				ASSETCATALOG_COMPILER_APPICON_NAME = AppIcon;
				ASSETCATALOG_COMPILER_GLOBAL_ACCENT_COLOR_NAME = AccentColor;
				CODE_SIGN_STYLE = Automatic;
				CURRENT_PROJECT_VERSION = 1;
				DEVELOPMENT_ASSET_PATHS = "\"forest-clone/Preview Content\"";
				ENABLE_PREVIEWS = YES;
				GENERATE_INFOPLIST_FILE = YES;
				INFOPLIST_KEY_UIApplicationSceneManifest_Generation = YES;
				INFOPLIST_KEY_UIApplicationSupportsIndirectInputEvents = YES;
				INFOPLIST_KEY_UILaunchScreen_Generation = YES;
				INFOPLIST_KEY_UISupportedInterfaceOrientations_iPad = "UIInterfaceOrientationPortrait UIInterfaceOrientationPortraitUpsideDown UIInterfaceOrientationLandscapeLeft UIInterfaceOrientationLandscapeRight";
				INFOPLIST_KEY_UISupportedInterfaceOrientations_iPhone = "UIInterfaceOrientationPortrait UIInterfaceOrientationLandscapeLeft UIInterfaceOrientationLandscapeRight";
				LD_RUNPATH_SEARCH_PATHS = (
					"$(inherited)",
					"@executable_path/Frameworks",
				);
				MARKETING_VERSION = 1.0;
				PRODUCT_BUNDLE_IDENTIFIER = "dev.dianait.forest-clone";
				PRODUCT_NAME = "$(TARGET_NAME)";
				SWIFT_EMIT_LOC_STRINGS = YES;
				SWIFT_VERSION = 5.0;
				TARGETED_DEVICE_FAMILY = "1,2";
			};
			name = Debug;
		};
		1384848B2901E5F1001175E7 /* Release */ = {
			isa = XCBuildConfiguration;
			buildSettings = {
				ASSETCATALOG_COMPILER_APPICON_NAME = AppIcon;
				ASSETCATALOG_COMPILER_GLOBAL_ACCENT_COLOR_NAME = AccentColor;
				CODE_SIGN_STYLE = Automatic;
				CURRENT_PROJECT_VERSION = 1;
				DEVELOPMENT_ASSET_PATHS = "\"forest-clone/Preview Content\"";
				ENABLE_PREVIEWS = YES;
				GENERATE_INFOPLIST_FILE = YES;
				INFOPLIST_KEY_UIApplicationSceneManifest_Generation = YES;
				INFOPLIST_KEY_UIApplicationSupportsIndirectInputEvents = YES;
				INFOPLIST_KEY_UILaunchScreen_Generation = YES;
				INFOPLIST_KEY_UISupportedInterfaceOrientations_iPad = "UIInterfaceOrientationPortrait UIInterfaceOrientationPortraitUpsideDown UIInterfaceOrientationLandscapeLeft UIInterfaceOrientationLandscapeRight";
				INFOPLIST_KEY_UISupportedInterfaceOrientations_iPhone = "UIInterfaceOrientationPortrait UIInterfaceOrientationLandscapeLeft UIInterfaceOrientationLandscapeRight";
				LD_RUNPATH_SEARCH_PATHS = (
					"$(inherited)",
					"@executable_path/Frameworks",
				);
				MARKETING_VERSION = 1.0;
				PRODUCT_BUNDLE_IDENTIFIER = "dev.dianait.forest-clone";
				PRODUCT_NAME = "$(TARGET_NAME)";
				SWIFT_EMIT_LOC_STRINGS = YES;
				SWIFT_VERSION = 5.0;
				TARGETED_DEVICE_FAMILY = "1,2";
			};
			name = Release;
		};
		1384848D2901E5F1001175E7 /* Debug */ = {
			isa = XCBuildConfiguration;
			buildSettings = {
				ALWAYS_EMBED_SWIFT_STANDARD_LIBRARIES = YES;
				BUNDLE_LOADER = "$(TEST_HOST)";
				CODE_SIGN_STYLE = Automatic;
				CURRENT_PROJECT_VERSION = 1;
				GENERATE_INFOPLIST_FILE = YES;
				IPHONEOS_DEPLOYMENT_TARGET = 16.0;
				MARKETING_VERSION = 1.0;
				PRODUCT_BUNDLE_IDENTIFIER = "dev.dianait.forest-cloneTests";
				PRODUCT_NAME = "$(TARGET_NAME)";
				SWIFT_EMIT_LOC_STRINGS = NO;
				SWIFT_VERSION = 5.0;
				TARGETED_DEVICE_FAMILY = "1,2";
				TEST_HOST = "$(BUILT_PRODUCTS_DIR)/forest-clone.app/$(BUNDLE_EXECUTABLE_FOLDER_PATH)/forest-clone";
			};
			name = Debug;
		};
		1384848E2901E5F1001175E7 /* Release */ = {
			isa = XCBuildConfiguration;
			buildSettings = {
				ALWAYS_EMBED_SWIFT_STANDARD_LIBRARIES = YES;
				BUNDLE_LOADER = "$(TEST_HOST)";
				CODE_SIGN_STYLE = Automatic;
				CURRENT_PROJECT_VERSION = 1;
				GENERATE_INFOPLIST_FILE = YES;
				IPHONEOS_DEPLOYMENT_TARGET = 16.0;
				MARKETING_VERSION = 1.0;
				PRODUCT_BUNDLE_IDENTIFIER = "dev.dianait.forest-cloneTests";
				PRODUCT_NAME = "$(TARGET_NAME)";
				SWIFT_EMIT_LOC_STRINGS = NO;
				SWIFT_VERSION = 5.0;
				TARGETED_DEVICE_FAMILY = "1,2";
				TEST_HOST = "$(BUILT_PRODUCTS_DIR)/forest-clone.app/$(BUNDLE_EXECUTABLE_FOLDER_PATH)/forest-clone";
			};
			name = Release;
		};
		138484902901E5F1001175E7 /* Debug */ = {
			isa = XCBuildConfiguration;
			buildSettings = {
				ALWAYS_EMBED_SWIFT_STANDARD_LIBRARIES = YES;
				CODE_SIGN_STYLE = Automatic;
				CURRENT_PROJECT_VERSION = 1;
				GENERATE_INFOPLIST_FILE = YES;
				MARKETING_VERSION = 1.0;
				PRODUCT_BUNDLE_IDENTIFIER = "dev.dianait.forest-cloneUITests";
				PRODUCT_NAME = "$(TARGET_NAME)";
				SWIFT_EMIT_LOC_STRINGS = NO;
				SWIFT_VERSION = 5.0;
				TARGETED_DEVICE_FAMILY = "1,2";
				TEST_TARGET_NAME = "forest-clone";
			};
			name = Debug;
		};
		138484912901E5F1001175E7 /* Release */ = {
			isa = XCBuildConfiguration;
			buildSettings = {
				ALWAYS_EMBED_SWIFT_STANDARD_LIBRARIES = YES;
				CODE_SIGN_STYLE = Automatic;
				CURRENT_PROJECT_VERSION = 1;
				GENERATE_INFOPLIST_FILE = YES;
				MARKETING_VERSION = 1.0;
				PRODUCT_BUNDLE_IDENTIFIER = "dev.dianait.forest-cloneUITests";
				PRODUCT_NAME = "$(TARGET_NAME)";
				SWIFT_EMIT_LOC_STRINGS = NO;
				SWIFT_VERSION = 5.0;
				TARGETED_DEVICE_FAMILY = "1,2";
				TEST_TARGET_NAME = "forest-clone";
			};
			name = Release;
		};
/* End XCBuildConfiguration section */

/* Begin XCConfigurationList section */
		138484602901E5F0001175E7 /* Build configuration list for PBXProject "forest-clone" */ = {
			isa = XCConfigurationList;
			buildConfigurations = (
				138484872901E5F1001175E7 /* Debug */,
				138484882901E5F1001175E7 /* Release */,
			);
			defaultConfigurationIsVisible = 0;
			defaultConfigurationName = Release;
		};
		138484892901E5F1001175E7 /* Build configuration list for PBXNativeTarget "forest-clone" */ = {
			isa = XCConfigurationList;
			buildConfigurations = (
				1384848A2901E5F1001175E7 /* Debug */,
				1384848B2901E5F1001175E7 /* Release */,
			);
			defaultConfigurationIsVisible = 0;
			defaultConfigurationName = Release;
		};
		1384848C2901E5F1001175E7 /* Build configuration list for PBXNativeTarget "forest-cloneTests" */ = {
			isa = XCConfigurationList;
			buildConfigurations = (
				1384848D2901E5F1001175E7 /* Debug */,
				1384848E2901E5F1001175E7 /* Release */,
			);
			defaultConfigurationIsVisible = 0;
			defaultConfigurationName = Release;
		};
		1384848F2901E5F1001175E7 /* Build configuration list for PBXNativeTarget "forest-cloneUITests" */ = {
			isa = XCConfigurationList;
			buildConfigurations = (
				138484902901E5F1001175E7 /* Debug */,
				138484912901E5F1001175E7 /* Release */,
			);
			defaultConfigurationIsVisible = 0;
			defaultConfigurationName = Release;
		};
/* End XCConfigurationList section */
	};
	rootObject = 1384845D2901E5F0001175E7 /* Project object */;
}
